
Microsoft Visual Studio Solution File, Format Version 12.00
# Visual Studio Version 16
VisualStudioVersion = 16.0.31702.278
MinimumVisualStudioVersion = 10.0.40219.1
Project("{FAE04EC0-301F-11D3-BF4B-00C04F79EFBC}") = "Lib13", "Lib13.csproj", "{6F95CBE0-65B2-4F89-A1EE-6BB0844B4716}"
EndProject
Project("{FAE04EC0-301F-11D3-BF4B-00C04F79EFBC}") = "MathClass", "..\MathClass\MathClass.csproj", "{3DBC6039-16F5-4B2E-A701-CE5EDF378F3D}"
EndProject
Project("{FAE04EC0-301F-11D3-BF4B-00C04F79EFBC}") = "UnitTestMyMath", "..\UnitTestMyMath\UnitTestMyMath.csproj", "{BD924FBD-2CBF-4AB5-AD18-AE44E56B90CB}"
EndProject
Global
	GlobalSection(SolutionConfigurationPlatforms) = preSolution
		Debug|Any CPU = Debug|Any CPU
		Release|Any CPU = Release|Any CPU
	EndGlobalSection
	GlobalSection(ProjectConfigurationPlatforms) = postSolution
		{6F95CBE0-65B2-4F89-A1EE-6BB0844B4716}.Debug|Any CPU.ActiveCfg = Debug|Any CPU
		{6F95CBE0-65B2-4F89-A1EE-6BB0844B4716}.Debug|Any CPU.Build.0 = Debug|Any CPU
		{6F95CBE0-65B2-4F89-A1EE-6BB0844B4716}.Release|Any CPU.ActiveCfg = Release|Any CPU
		{6F95CBE0-65B2-4F89-A1EE-6BB0844B4716}.Release|Any CPU.Build.0 = Release|Any CPU
		{3DBC6039-16F5-4B2E-A701-CE5EDF378F3D}.Debug|Any CPU.ActiveCfg = Debug|Any CPU
		{3DBC6039-16F5-4B2E-A701-CE5EDF378F3D}.Debug|Any CPU.Build.0 = Debug|Any CPU
		{3DBC6039-16F5-4B2E-A701-CE5EDF378F3D}.Release|Any CPU.ActiveCfg = Release|Any CPU
		{3DBC6039-16F5-4B2E-A701-CE5EDF378F3D}.Release|Any CPU.Build.0 = Release|Any CPU
		{BD924FBD-2CBF-4AB5-AD18-AE44E56B90CB}.Debug|Any CPU.ActiveCfg = Debug|Any CPU
		{BD924FBD-2CBF-4AB5-AD18-AE44E56B90CB}.Debug|Any CPU.Build.0 = Debug|Any CPU
		{BD924FBD-2CBF-4AB5-AD18-AE44E56B90CB}.Release|Any CPU.ActiveCfg = Release|Any CPU
		{BD924FBD-2CBF-4AB5-AD18-AE44E56B90CB}.Release|Any CPU.Build.0 = Release|Any CPU
	EndGlobalSection
	GlobalSection(SolutionProperties) = preSolution
		HideSolutionNode = FALSE
	EndGlobalSection
	GlobalSection(ExtensibilityGlobals) = postSolution
		SolutionGuid = {C724D624-8B4A-4F16-81A3-96D13F248576}
	EndGlobalSection
EndGlobal
